
Microsoft Visual Studio Solution File, Format Version 12.00
# Visual Studio 16
Project("{FAE04EC0-301F-11D3-BF4B-00C04F79EFBC}") = "Assembly-CSharp", "Assembly-CSharp.csproj", "{73C95A6D-56AD-F374-F0FC-8CBD188D8DFC}"
EndProject
Global
	GlobalSection(SolutionConfigurationPlatforms) = preSolution
		Debug|Any CPU = Debug|Any CPU
		Release|Any CPU = Release|Any CPU
	EndGlobalSection
	GlobalSection(ProjectConfigurationPlatforms) = postSolution
		{73C95A6D-56AD-F374-F0FC-8CBD188D8DFC}.Debug|Any CPU.ActiveCfg = Debug|Any CPU
		{73C95A6D-56AD-F374-F0FC-8CBD188D8DFC}.Debug|Any CPU.Build.0 = Debug|Any CPU
		{73C95A6D-56AD-F374-F0FC-8CBD188D8DFC}.Release|Any CPU.ActiveCfg = Release|Any CPU
		{73C95A6D-56AD-F374-F0FC-8CBD188D8DFC}.Release|Any CPU.Build.0 = Release|Any CPU
	EndGlobalSection
	GlobalSection(SolutionProperties) = preSolution
		HideSolutionNode = FALSE
	EndGlobalSection
EndGlobal
